
Microsoft Visual Studio Solution File, Format Version 12.00
# Visual Studio Version 18
VisualStudioVersion = 18.4.11626.88
MinimumVisualStudioVersion = 10.0.40219.1
Project("{F184B08F-C81C-45F6-A57F-5ABD9991F28F}") = "eQuilibrator", "eQuilibrator\eQuilibrator.vbproj", "{A712EDC3-9352-6289-BD83-897F07C1A196}"
EndProject
Project("{F184B08F-C81C-45F6-A57F-5ABD9991F28F}") = "Core", "..\..\GCModeller\src\runtime\sciBASIC#\Microsoft.VisualBasic.Core\src\Core.vbproj", "{896A1DF9-BF52-17C7-D41C-F7730E5B1968}"
EndProject
Project("{F184B08F-C81C-45F6-A57F-5ABD9991F28F}") = "biocore-netcore5", "..\..\GCModeller\src\GCModeller\core\Bio.Assembly\biocore-netcore5.vbproj", "{5B8ACC99-FB8D-1CB5-190E-59FE7B06DB4D}"
EndProject
Project("{F184B08F-C81C-45F6-A57F-5ABD9991F28F}") = "test", "eQuilibrator\test\test.vbproj", "{8D0B6370-2531-42BF-B7FB-1A24C3CE79F2}"
EndProject
Global
	GlobalSection(SolutionConfigurationPlatforms) = preSolution
		Debug|Any CPU = Debug|Any CPU
		Debug|x64 = Debug|x64
		Release|Any CPU = Release|Any CPU
		Release|x64 = Release|x64
	EndGlobalSection
	GlobalSection(ProjectConfigurationPlatforms) = postSolution
		{A712EDC3-9352-6289-BD83-897F07C1A196}.Debug|Any CPU.ActiveCfg = Debug|Any CPU
		{A712EDC3-9352-6289-BD83-897F07C1A196}.Debug|Any CPU.Build.0 = Debug|Any CPU
		{A712EDC3-9352-6289-BD83-897F07C1A196}.Debug|x64.ActiveCfg = Debug|x64
		{A712EDC3-9352-6289-BD83-897F07C1A196}.Debug|x64.Build.0 = Debug|x64
		{A712EDC3-9352-6289-BD83-897F07C1A196}.Release|Any CPU.ActiveCfg = Release|Any CPU
		{A712EDC3-9352-6289-BD83-897F07C1A196}.Release|Any CPU.Build.0 = Release|Any CPU
		{A712EDC3-9352-6289-BD83-897F07C1A196}.Release|x64.ActiveCfg = Release|x64
		{A712EDC3-9352-6289-BD83-897F07C1A196}.Release|x64.Build.0 = Release|x64
		{896A1DF9-BF52-17C7-D41C-F7730E5B1968}.Debug|Any CPU.ActiveCfg = Debug|Any CPU
		{896A1DF9-BF52-17C7-D41C-F7730E5B1968}.Debug|Any CPU.Build.0 = Debug|Any CPU
		{896A1DF9-BF52-17C7-D41C-F7730E5B1968}.Debug|x64.ActiveCfg = Debug|x64
		{896A1DF9-BF52-17C7-D41C-F7730E5B1968}.Debug|x64.Build.0 = Debug|x64
		{896A1DF9-BF52-17C7-D41C-F7730E5B1968}.Release|Any CPU.ActiveCfg = Release|Any CPU
		{896A1DF9-BF52-17C7-D41C-F7730E5B1968}.Release|Any CPU.Build.0 = Release|Any CPU
		{896A1DF9-BF52-17C7-D41C-F7730E5B1968}.Release|x64.ActiveCfg = Release|x64
		{896A1DF9-BF52-17C7-D41C-F7730E5B1968}.Release|x64.Build.0 = Release|x64
		{5B8ACC99-FB8D-1CB5-190E-59FE7B06DB4D}.Debug|Any CPU.ActiveCfg = Debug|Any CPU
		{5B8ACC99-FB8D-1CB5-190E-59FE7B06DB4D}.Debug|Any CPU.Build.0 = Debug|Any CPU
		{5B8ACC99-FB8D-1CB5-190E-59FE7B06DB4D}.Debug|x64.ActiveCfg = Debug|x64
		{5B8ACC99-FB8D-1CB5-190E-59FE7B06DB4D}.Debug|x64.Build.0 = Debug|x64
		{5B8ACC99-FB8D-1CB5-190E-59FE7B06DB4D}.Release|Any CPU.ActiveCfg = Release|Any CPU
		{5B8ACC99-FB8D-1CB5-190E-59FE7B06DB4D}.Release|Any CPU.Build.0 = Release|Any CPU
		{5B8ACC99-FB8D-1CB5-190E-59FE7B06DB4D}.Release|x64.ActiveCfg = Release|x64
		{5B8ACC99-FB8D-1CB5-190E-59FE7B06DB4D}.Release|x64.Build.0 = Release|x64
		{8D0B6370-2531-42BF-B7FB-1A24C3CE79F2}.Debug|Any CPU.ActiveCfg = Debug|Any CPU
		{8D0B6370-2531-42BF-B7FB-1A24C3CE79F2}.Debug|Any CPU.Build.0 = Debug|Any CPU
		{8D0B6370-2531-42BF-B7FB-1A24C3CE79F2}.Debug|x64.ActiveCfg = Debug|Any CPU
		{8D0B6370-2531-42BF-B7FB-1A24C3CE79F2}.Debug|x64.Build.0 = Debug|Any CPU
		{8D0B6370-2531-42BF-B7FB-1A24C3CE79F2}.Release|Any CPU.ActiveCfg = Release|Any CPU
		{8D0B6370-2531-42BF-B7FB-1A24C3CE79F2}.Release|Any CPU.Build.0 = Release|Any CPU
		{8D0B6370-2531-42BF-B7FB-1A24C3CE79F2}.Release|x64.ActiveCfg = Release|Any CPU
		{8D0B6370-2531-42BF-B7FB-1A24C3CE79F2}.Release|x64.Build.0 = Release|Any CPU
	EndGlobalSection
	GlobalSection(SolutionProperties) = preSolution
		HideSolutionNode = FALSE
	EndGlobalSection
	GlobalSection(ExtensibilityGlobals) = postSolution
		SolutionGuid = {4382074F-4276-4DC2-B6E0-18F6E3C66D1F}
	EndGlobalSection
EndGlobal
