
Microsoft Visual Studio Solution File, Format Version 12.00
# Visual Studio Version 17
VisualStudioVersion = 17.14.36429.23 d17.14
MinimumVisualStudioVersion = 10.0.40219.1
Project("{F184B08F-C81C-45F6-A57F-5ABD9991F28F}") = "ligplus", "ligplus.vbproj", "{13F059A1-330D-5BAF-CA6E-A7BBE92EA038}"
EndProject
Project("{F184B08F-C81C-45F6-A57F-5ABD9991F28F}") = "Core", "..\..\..\GCModeller\src\runtime\sciBASIC#\Microsoft.VisualBasic.Core\src\Core.vbproj", "{896A1DF9-BF52-17C7-D41C-F7730E5B1968}"
EndProject
Project("{F184B08F-C81C-45F6-A57F-5ABD9991F28F}") = "test", "test\test.vbproj", "{CF75BAA0-F0C4-4A0E-AD01-620E4B738C90}"
EndProject
Global
	GlobalSection(SolutionConfigurationPlatforms) = preSolution
		Debug|Any CPU = Debug|Any CPU
		Debug|x64 = Debug|x64
		Release|Any CPU = Release|Any CPU
		Release|x64 = Release|x64
	EndGlobalSection
	GlobalSection(ProjectConfigurationPlatforms) = postSolution
		{13F059A1-330D-5BAF-CA6E-A7BBE92EA038}.Debug|Any CPU.ActiveCfg = Debug|Any CPU
		{13F059A1-330D-5BAF-CA6E-A7BBE92EA038}.Debug|Any CPU.Build.0 = Debug|Any CPU
		{13F059A1-330D-5BAF-CA6E-A7BBE92EA038}.Debug|x64.ActiveCfg = Debug|x64
		{13F059A1-330D-5BAF-CA6E-A7BBE92EA038}.Debug|x64.Build.0 = Debug|x64
		{13F059A1-330D-5BAF-CA6E-A7BBE92EA038}.Release|Any CPU.ActiveCfg = Release|Any CPU
		{13F059A1-330D-5BAF-CA6E-A7BBE92EA038}.Release|Any CPU.Build.0 = Release|Any CPU
		{13F059A1-330D-5BAF-CA6E-A7BBE92EA038}.Release|x64.ActiveCfg = Release|x64
		{13F059A1-330D-5BAF-CA6E-A7BBE92EA038}.Release|x64.Build.0 = Release|x64
		{896A1DF9-BF52-17C7-D41C-F7730E5B1968}.Debug|Any CPU.ActiveCfg = Debug|Any CPU
		{896A1DF9-BF52-17C7-D41C-F7730E5B1968}.Debug|Any CPU.Build.0 = Debug|Any CPU
		{896A1DF9-BF52-17C7-D41C-F7730E5B1968}.Debug|x64.ActiveCfg = Debug|x64
		{896A1DF9-BF52-17C7-D41C-F7730E5B1968}.Debug|x64.Build.0 = Debug|x64
		{896A1DF9-BF52-17C7-D41C-F7730E5B1968}.Release|Any CPU.ActiveCfg = Release|Any CPU
		{896A1DF9-BF52-17C7-D41C-F7730E5B1968}.Release|Any CPU.Build.0 = Release|Any CPU
		{896A1DF9-BF52-17C7-D41C-F7730E5B1968}.Release|x64.ActiveCfg = Release|x64
		{896A1DF9-BF52-17C7-D41C-F7730E5B1968}.Release|x64.Build.0 = Release|x64
		{CF75BAA0-F0C4-4A0E-AD01-620E4B738C90}.Debug|Any CPU.ActiveCfg = Debug|Any CPU
		{CF75BAA0-F0C4-4A0E-AD01-620E4B738C90}.Debug|Any CPU.Build.0 = Debug|Any CPU
		{CF75BAA0-F0C4-4A0E-AD01-620E4B738C90}.Debug|x64.ActiveCfg = Debug|x64
		{CF75BAA0-F0C4-4A0E-AD01-620E4B738C90}.Debug|x64.Build.0 = Debug|x64
		{CF75BAA0-F0C4-4A0E-AD01-620E4B738C90}.Release|Any CPU.ActiveCfg = Release|Any CPU
		{CF75BAA0-F0C4-4A0E-AD01-620E4B738C90}.Release|Any CPU.Build.0 = Release|Any CPU
		{CF75BAA0-F0C4-4A0E-AD01-620E4B738C90}.Release|x64.ActiveCfg = Release|Any CPU
		{CF75BAA0-F0C4-4A0E-AD01-620E4B738C90}.Release|x64.Build.0 = Release|Any CPU
	EndGlobalSection
	GlobalSection(SolutionProperties) = preSolution
		HideSolutionNode = FALSE
	EndGlobalSection
	GlobalSection(ExtensibilityGlobals) = postSolution
		SolutionGuid = {849EB6C2-ABC6-413D-8D59-660E2AA5EE00}
	EndGlobalSection
EndGlobal
